
Microsoft Visual Studio Solution File, Format Version 12.00
# Visual Studio Version 17
VisualStudioVersion = 17.5.002.0
MinimumVisualStudioVersion = 10.0.40219.1
Project("{2150E333-8FDC-42A3-9474-1A3956D46DE8}") = "csharp-prep", "csharp-prep", "{4ABD1AC9-A33B-4DC6-984B-53D317D081E2}"
EndProject
Project("{9A19103F-16F7-4668-BE54-9A1E7A4F7556}") = "Prep1", "csharp-prep\Prep1\Prep1.csproj", "{931070E5-8860-4379-A733-B6A2502B2B10}"
EndProject
Project("{9A19103F-16F7-4668-BE54-9A1E7A4F7556}") = "Prep2", "csharp-prep\Prep2\Prep2.csproj", "{51DC45E3-18E7-4D90-BA51-2C178554CC99}"
EndProject
Project("{9A19103F-16F7-4668-BE54-9A1E7A4F7556}") = "Prep3", "csharp-prep\Prep3\Prep3.csproj", "{1BDA264F-B511-444A-B8B0-F39AE5959B9C}"
EndProject
Project("{9A19103F-16F7-4668-BE54-9A1E7A4F7556}") = "Prep4", "csharp-prep\Prep4\Prep4.csproj", "{EC80126B-8682-4C01-B343-A3193BB4D3F5}"
EndProject
Project("{9A19103F-16F7-4668-BE54-9A1E7A4F7556}") = "Prep5", "csharp-prep\Prep5\Prep5.csproj", "{BE29114C-D13E-4A7D-A34B-F2B88B53659A}"
EndProject
Project("{2150E333-8FDC-42A3-9474-1A3956D46DE8}") = "final", "final", "{7850A0BA-7966-4A4B-A11E-A23A2AAF7DBA}"
EndProject
Project("{9A19103F-16F7-4668-BE54-9A1E7A4F7556}") = "FinalProject", "final\FinalProject\FinalProject.csproj", "{45EA8FDC-F33A-4FD1-9394-81AF9D61920A}"
EndProject
Project("{9A19103F-16F7-4668-BE54-9A1E7A4F7556}") = "Foundation1", "final\Foundation1\Foundation1.csproj", "{EB10C54B-2A4F-4D8B-97C6-60A357B967C2}"
EndProject
Project("{9A19103F-16F7-4668-BE54-9A1E7A4F7556}") = "Foundation2", "final\Foundation2\Foundation2.csproj", "{7D608C33-8742-4E10-963A-1F2310FBBA46}"
EndProject
Project("{9A19103F-16F7-4668-BE54-9A1E7A4F7556}") = "Foundation3", "final\Foundation3\Foundation3.csproj", "{46BE18BA-DB1A-4862-8341-5D91318BAD2B}"
EndProject
Project("{9A19103F-16F7-4668-BE54-9A1E7A4F7556}") = "Foundation4", "final\Foundation4\Foundation4.csproj", "{2ECD33F3-0C54-4897-B4D6-B6FE7D7EE94E}"
EndProject
Project("{2150E333-8FDC-42A3-9474-1A3956D46DE8}") = "prepare", "prepare", "{79D1C6F9-524C-4B10-8A53-AA7C94B1500E}"
EndProject
Project("{9A19103F-16F7-4668-BE54-9A1E7A4F7556}") = "Learning02", "prepare\Learning02\Learning02.csproj", "{1C928156-1B98-4F44-9513-00158AC8D77C}"
EndProject
Project("{9A19103F-16F7-4668-BE54-9A1E7A4F7556}") = "Learning03", "prepare\Learning03\Learning03.csproj", "{C4CFA4D9-0257-4D06-83D2-55DDA86863F7}"
EndProject
Project("{9A19103F-16F7-4668-BE54-9A1E7A4F7556}") = "Learning04", "prepare\Learning04\Learning04.csproj", "{32CC9A23-4732-48DE-9CC0-9878426C34F6}"
EndProject
Project("{9A19103F-16F7-4668-BE54-9A1E7A4F7556}") = "Learning05", "prepare\Learning05\Learning05.csproj", "{3AA097A1-2905-4E36-BAE0-63C92FCA8183}"
EndProject
Project("{2150E333-8FDC-42A3-9474-1A3956D46DE8}") = "prove", "prove", "{C2488269-EC52-494E-ADB3-CDE0F91D1694}"
EndProject
Project("{9A19103F-16F7-4668-BE54-9A1E7A4F7556}") = "Develop02", "prove\Develop02\Develop02.csproj", "{B5D8CD2B-AF99-42D9-B499-D93AFE0BA213}"
EndProject
Project("{9A19103F-16F7-4668-BE54-9A1E7A4F7556}") = "Develop03", "prove\Develop03\Develop03.csproj", "{AECF1D4D-D44D-4CC2-B4B1-70F47C165AD2}"
EndProject
Project("{9A19103F-16F7-4668-BE54-9A1E7A4F7556}") = "Develop04", "prove\Develop04\Develop04.csproj", "{F20918EC-187B-4C24-83B0-2BA45D284A7B}"
EndProject
Project("{9A19103F-16F7-4668-BE54-9A1E7A4F7556}") = "Develop05", "prove\Develop05\Develop05.csproj", "{24DBB6FE-2346-42D6-8AB9-961BF173B70D}"
EndProject
Project("{2150E333-8FDC-42A3-9474-1A3956D46DE8}") = "sandbox", "sandbox", "{47011C63-291E-42B3-938B-E62117C95178}"
EndProject
Project("{9A19103F-16F7-4668-BE54-9A1E7A4F7556}") = "Sandbox", "sandbox\Sandbox\Sandbox.csproj", "{A2C3610A-97DA-4BF7-94C2-294BF69A57EB}"
EndProject
Global
	GlobalSection(SolutionConfigurationPlatforms) = preSolution
		Debug|Any CPU = Debug|Any CPU
		Release|Any CPU = Release|Any CPU
	EndGlobalSection
	GlobalSection(ProjectConfigurationPlatforms) = postSolution
		{931070E5-8860-4379-A733-B6A2502B2B10}.Debug|Any CPU.ActiveCfg = Debug|Any CPU
		{931070E5-8860-4379-A733-B6A2502B2B10}.Debug|Any CPU.Build.0 = Debug|Any CPU
		{931070E5-8860-4379-A733-B6A2502B2B10}.Release|Any CPU.ActiveCfg = Release|Any CPU
		{931070E5-8860-4379-A733-B6A2502B2B10}.Release|Any CPU.Build.0 = Release|Any CPU
		{51DC45E3-18E7-4D90-BA51-2C178554CC99}.Debug|Any CPU.ActiveCfg = Debug|Any CPU
		{51DC45E3-18E7-4D90-BA51-2C178554CC99}.Debug|Any CPU.Build.0 = Debug|Any CPU
		{51DC45E3-18E7-4D90-BA51-2C178554CC99}.Release|Any CPU.ActiveCfg = Release|Any CPU
		{51DC45E3-18E7-4D90-BA51-2C178554CC99}.Release|Any CPU.Build.0 = Release|Any CPU
		{1BDA264F-B511-444A-B8B0-F39AE5959B9C}.Debug|Any CPU.ActiveCfg = Debug|Any CPU
		{1BDA264F-B511-444A-B8B0-F39AE5959B9C}.Debug|Any CPU.Build.0 = Debug|Any CPU
		{1BDA264F-B511-444A-B8B0-F39AE5959B9C}.Release|Any CPU.ActiveCfg = Release|Any CPU
		{1BDA264F-B511-444A-B8B0-F39AE5959B9C}.Release|Any CPU.Build.0 = Release|Any CPU
		{EC80126B-8682-4C01-B343-A3193BB4D3F5}.Debug|Any CPU.ActiveCfg = Debug|Any CPU
		{EC80126B-8682-4C01-B343-A3193BB4D3F5}.Debug|Any CPU.Build.0 = Debug|Any CPU
		{EC80126B-8682-4C01-B343-A3193BB4D3F5}.Release|Any CPU.ActiveCfg = Release|Any CPU
		{EC80126B-8682-4C01-B343-A3193BB4D3F5}.Release|Any CPU.Build.0 = Release|Any CPU
		{BE29114C-D13E-4A7D-A34B-F2B88B53659A}.Debug|Any CPU.ActiveCfg = Debug|Any CPU
		{BE29114C-D13E-4A7D-A34B-F2B88B53659A}.Debug|Any CPU.Build.0 = Debug|Any CPU
		{BE29114C-D13E-4A7D-A34B-F2B88B53659A}.Release|Any CPU.ActiveCfg = Release|Any CPU
		{BE29114C-D13E-4A7D-A34B-F2B88B53659A}.Release|Any CPU.Build.0 = Release|Any CPU
		{45EA8FDC-F33A-4FD1-9394-81AF9D61920A}.Debug|Any CPU.ActiveCfg = Debug|Any CPU
		{45EA8FDC-F33A-4FD1-9394-81AF9D61920A}.Debug|Any CPU.Build.0 = Debug|Any CPU
		{45EA8FDC-F33A-4FD1-9394-81AF9D61920A}.Release|Any CPU.ActiveCfg = Release|Any CPU
		{45EA8FDC-F33A-4FD1-9394-81AF9D61920A}.Release|Any CPU.Build.0 = Release|Any CPU
		{EB10C54B-2A4F-4D8B-97C6-60A357B967C2}.Debug|Any CPU.ActiveCfg = Debug|Any CPU
		{EB10C54B-2A4F-4D8B-97C6-60A357B967C2}.Debug|Any CPU.Build.0 = Debug|Any CPU
		{EB10C54B-2A4F-4D8B-97C6-60A357B967C2}.Release|Any CPU.ActiveCfg = Release|Any CPU
		{EB10C54B-2A4F-4D8B-97C6-60A357B967C2}.Release|Any CPU.Build.0 = Release|Any CPU
		{7D608C33-8742-4E10-963A-1F2310FBBA46}.Debug|Any CPU.ActiveCfg = Debug|Any CPU
		{7D608C33-8742-4E10-963A-1F2310FBBA46}.Debug|Any CPU.Build.0 = Debug|Any CPU
		{7D608C33-8742-4E10-963A-1F2310FBBA46}.Release|Any CPU.ActiveCfg = Release|Any CPU
		{7D608C33-8742-4E10-963A-1F2310FBBA46}.Release|Any CPU.Build.0 = Release|Any CPU
		{46BE18BA-DB1A-4862-8341-5D91318BAD2B}.Debug|Any CPU.ActiveCfg = Debug|Any CPU
		{46BE18BA-DB1A-4862-8341-5D91318BAD2B}.Debug|Any CPU.Build.0 = Debug|Any CPU
		{46BE18BA-DB1A-4862-8341-5D91318BAD2B}.Release|Any CPU.ActiveCfg = Release|Any CPU
		{46BE18BA-DB1A-4862-8341-5D91318BAD2B}.Release|Any CPU.Build.0 = Release|Any CPU
		{2ECD33F3-0C54-4897-B4D6-B6FE7D7EE94E}.Debug|Any CPU.ActiveCfg = Debug|Any CPU
		{2ECD33F3-0C54-4897-B4D6-B6FE7D7EE94E}.Debug|Any CPU.Build.0 = Debug|Any CPU
		{2ECD33F3-0C54-4897-B4D6-B6FE7D7EE94E}.Release|Any CPU.ActiveCfg = Release|Any CPU
		{2ECD33F3-0C54-4897-B4D6-B6FE7D7EE94E}.Release|Any CPU.Build.0 = Release|Any CPU
		{1C928156-1B98-4F44-9513-00158AC8D77C}.Debug|Any CPU.ActiveCfg = Debug|Any CPU
		{1C928156-1B98-4F44-9513-00158AC8D77C}.Debug|Any CPU.Build.0 = Debug|Any CPU
		{1C928156-1B98-4F44-9513-00158AC8D77C}.Release|Any CPU.ActiveCfg = Release|Any CPU
		{1C928156-1B98-4F44-9513-00158AC8D77C}.Release|Any CPU.Build.0 = Release|Any CPU
		{C4CFA4D9-0257-4D06-83D2-55DDA86863F7}.Debug|Any CPU.ActiveCfg = Debug|Any CPU
		{C4CFA4D9-0257-4D06-83D2-55DDA86863F7}.Debug|Any CPU.Build.0 = Debug|Any CPU
		{C4CFA4D9-0257-4D06-83D2-55DDA86863F7}.Release|Any CPU.ActiveCfg = Release|Any CPU
		{C4CFA4D9-0257-4D06-83D2-55DDA86863F7}.Release|Any CPU.Build.0 = Release|Any CPU
		{32CC9A23-4732-48DE-9CC0-9878426C34F6}.Debug|Any CPU.ActiveCfg = Debug|Any CPU
		{32CC9A23-4732-48DE-9CC0-9878426C34F6}.Debug|Any CPU.Build.0 = Debug|Any CPU
		{32CC9A23-4732-48DE-9CC0-9878426C34F6}.Release|Any CPU.ActiveCfg = Release|Any CPU
		{32CC9A23-4732-48DE-9CC0-9878426C34F6}.Release|Any CPU.Build.0 = Release|Any CPU
		{3AA097A1-2905-4E36-BAE0-63C92FCA8183}.Debug|Any CPU.ActiveCfg = Debug|Any CPU
		{3AA097A1-2905-4E36-BAE0-63C92FCA8183}.Debug|Any CPU.Build.0 = Debug|Any CPU
		{3AA097A1-2905-4E36-BAE0-63C92FCA8183}.Release|Any CPU.ActiveCfg = Release|Any CPU
		{3AA097A1-2905-4E36-BAE0-63C92FCA8183}.Release|Any CPU.Build.0 = Release|Any CPU
		{B5D8CD2B-AF99-42D9-B499-D93AFE0BA213}.Debug|Any CPU.ActiveCfg = Debug|Any CPU
		{B5D8CD2B-AF99-42D9-B499-D93AFE0BA213}.Debug|Any CPU.Build.0 = Debug|Any CPU
		{B5D8CD2B-AF99-42D9-B499-D93AFE0BA213}.Release|Any CPU.ActiveCfg = Release|Any CPU
		{B5D8CD2B-AF99-42D9-B499-D93AFE0BA213}.Release|Any CPU.Build.0 = Release|Any CPU
		{AECF1D4D-D44D-4CC2-B4B1-70F47C165AD2}.Debug|Any CPU.ActiveCfg = Debug|Any CPU
		{AECF1D4D-D44D-4CC2-B4B1-70F47C165AD2}.Debug|Any CPU.Build.0 = Debug|Any CPU
		{AECF1D4D-D44D-4CC2-B4B1-70F47C165AD2}.Release|Any CPU.ActiveCfg = Release|Any CPU
		{AECF1D4D-D44D-4CC2-B4B1-70F47C165AD2}.Release|Any CPU.Build.0 = Release|Any CPU
		{F20918EC-187B-4C24-83B0-2BA45D284A7B}.Debug|Any CPU.ActiveCfg = Debug|Any CPU
		{F20918EC-187B-4C24-83B0-2BA45D284A7B}.Debug|Any CPU.Build.0 = Debug|Any CPU
		{F20918EC-187B-4C24-83B0-2BA45D284A7B}.Release|Any CPU.ActiveCfg = Release|Any CPU
		{F20918EC-187B-4C24-83B0-2BA45D284A7B}.Release|Any CPU.Build.0 = Release|Any CPU
		{24DBB6FE-2346-42D6-8AB9-961BF173B70D}.Debug|Any CPU.ActiveCfg = Debug|Any CPU
		{24DBB6FE-2346-42D6-8AB9-961BF173B70D}.Debug|Any CPU.Build.0 = Debug|Any CPU
		{24DBB6FE-2346-42D6-8AB9-961BF173B70D}.Release|Any CPU.ActiveCfg = Release|Any CPU
		{24DBB6FE-2346-42D6-8AB9-961BF173B70D}.Release|Any CPU.Build.0 = Release|Any CPU
		{A2C3610A-97DA-4BF7-94C2-294BF69A57EB}.Debug|Any CPU.ActiveCfg = Debug|Any CPU
		{A2C3610A-97DA-4BF7-94C2-294BF69A57EB}.Debug|Any CPU.Build.0 = Debug|Any CPU
		{A2C3610A-97DA-4BF7-94C2-294BF69A57EB}.Release|Any CPU.ActiveCfg = Release|Any CPU
		{A2C3610A-97DA-4BF7-94C2-294BF69A57EB}.Release|Any CPU.Build.0 = Release|Any CPU
	EndGlobalSection
	GlobalSection(SolutionProperties) = preSolution
		HideSolutionNode = FALSE
	EndGlobalSection
	GlobalSection(NestedProjects) = preSolution
		{931070E5-8860-4379-A733-B6A2502B2B10} = {4ABD1AC9-A33B-4DC6-984B-53D317D081E2}
		{51DC45E3-18E7-4D90-BA51-2C178554CC99} = {4ABD1AC9-A33B-4DC6-984B-53D317D081E2}
		{1BDA264F-B511-444A-B8B0-F39AE5959B9C} = {4ABD1AC9-A33B-4DC6-984B-53D317D081E2}
		{EC80126B-8682-4C01-B343-A3193BB4D3F5} = {4ABD1AC9-A33B-4DC6-984B-53D317D081E2}
		{BE29114C-D13E-4A7D-A34B-F2B88B53659A} = {4ABD1AC9-A33B-4DC6-984B-53D317D081E2}
		{45EA8FDC-F33A-4FD1-9394-81AF9D61920A} = {7850A0BA-7966-4A4B-A11E-A23A2AAF7DBA}
		{EB10C54B-2A4F-4D8B-97C6-60A357B967C2} = {7850A0BA-7966-4A4B-A11E-A23A2AAF7DBA}
		{7D608C33-8742-4E10-963A-1F2310FBBA46} = {7850A0BA-7966-4A4B-A11E-A23A2AAF7DBA}
		{46BE18BA-DB1A-4862-8341-5D91318BAD2B} = {7850A0BA-7966-4A4B-A11E-A23A2AAF7DBA}
		{2ECD33F3-0C54-4897-B4D6-B6FE7D7EE94E} = {7850A0BA-7966-4A4B-A11E-A23A2AAF7DBA}
		{1C928156-1B98-4F44-9513-00158AC8D77C} = {79D1C6F9-524C-4B10-8A53-AA7C94B1500E}
		{C4CFA4D9-0257-4D06-83D2-55DDA86863F7} = {79D1C6F9-524C-4B10-8A53-AA7C94B1500E}
		{32CC9A23-4732-48DE-9CC0-9878426C34F6} = {79D1C6F9-524C-4B10-8A53-AA7C94B1500E}
		{3AA097A1-2905-4E36-BAE0-63C92FCA8183} = {79D1C6F9-524C-4B10-8A53-AA7C94B1500E}
		{B5D8CD2B-AF99-42D9-B499-D93AFE0BA213} = {C2488269-EC52-494E-ADB3-CDE0F91D1694}
		{AECF1D4D-D44D-4CC2-B4B1-70F47C165AD2} = {C2488269-EC52-494E-ADB3-CDE0F91D1694}
		{F20918EC-187B-4C24-83B0-2BA45D284A7B} = {C2488269-EC52-494E-ADB3-CDE0F91D1694}
		{24DBB6FE-2346-42D6-8AB9-961BF173B70D} = {C2488269-EC52-494E-ADB3-CDE0F91D1694}
		{A2C3610A-97DA-4BF7-94C2-294BF69A57EB} = {47011C63-291E-42B3-938B-E62117C95178}
	EndGlobalSection
	GlobalSection(ExtensibilityGlobals) = postSolution
		SolutionGuid = {7BB3F513-D5D3-4968-83BA-8DC1ADE8FF2F}
	EndGlobalSection
EndGlobal
